
Microsoft Visual Studio Solution File, Format Version 12.00
# Visual Studio Version 17
VisualStudioVersion = 17.8.34330.188
MinimumVisualStudioVersion = 10.0.40219.1
Project("{9A19103F-16F7-4668-BE54-9A1E7A4F7556}") = "distancePoints", "distancePoints\distancePoints.csproj", "{E60D2987-8DFB-4D10-8D9F-7C018817EA12}"
EndProject
Project("{FAE04EC0-301F-11D3-BF4B-00C04F79EFBC}") = "GetDistance", "GetDistance\GetDistance.csproj", "{88495C66-B210-4E55-9360-BEBA4D4EDCD9}"
EndProject
Global
	GlobalSection(SolutionConfigurationPlatforms) = preSolution
		Debug|Any CPU = Debug|Any CPU
		Release|Any CPU = Release|Any CPU
	EndGlobalSection
	GlobalSection(ProjectConfigurationPlatforms) = postSolution
		{E60D2987-8DFB-4D10-8D9F-7C018817EA12}.Debug|Any CPU.ActiveCfg = Debug|Any CPU
		{E60D2987-8DFB-4D10-8D9F-7C018817EA12}.Debug|Any CPU.Build.0 = Debug|Any CPU
		{E60D2987-8DFB-4D10-8D9F-7C018817EA12}.Release|Any CPU.ActiveCfg = Release|Any CPU
		{E60D2987-8DFB-4D10-8D9F-7C018817EA12}.Release|Any CPU.Build.0 = Release|Any CPU
		{88495C66-B210-4E55-9360-BEBA4D4EDCD9}.Debug|Any CPU.ActiveCfg = Debug|Any CPU
		{88495C66-B210-4E55-9360-BEBA4D4EDCD9}.Debug|Any CPU.Build.0 = Debug|Any CPU
		{88495C66-B210-4E55-9360-BEBA4D4EDCD9}.Release|Any CPU.ActiveCfg = Release|Any CPU
		{88495C66-B210-4E55-9360-BEBA4D4EDCD9}.Release|Any CPU.Build.0 = Release|Any CPU
	EndGlobalSection
	GlobalSection(SolutionProperties) = preSolution
		HideSolutionNode = FALSE
	EndGlobalSection
	GlobalSection(ExtensibilityGlobals) = postSolution
		SolutionGuid = {E17D6440-32E5-4876-81F1-5A7D4056161B}
	EndGlobalSection
EndGlobal
